// !$*UTF8*$!
{
	archiveVersion = 1;
	classes = {
	};
	objectVersion = 46;
	objects = {

/* Begin PBXBuildFile section */
		87104EAD1FD95D2B003D97F9 /* AppDelegate.swift in Sources */ = {isa = PBXBuildFile; fileRef = 87104EAC1FD95D2B003D97F9 /* AppDelegate.swift */; };
		87104EAF1FD95D2B003D97F9 /* ViewController.swift in Sources */ = {isa = PBXBuildFile; fileRef = 87104EAE1FD95D2B003D97F9 /* ViewController.swift */; };
		87104EB21FD95D2B003D97F9 /* Main.storyboard in Resources */ = {isa = PBXBuildFile; fileRef = 87104EB01FD95D2B003D97F9 /* Main.storyboard */; };
		87104EB41FD95D2B003D97F9 /* Assets.xcassets in Resources */ = {isa = PBXBuildFile; fileRef = 87104EB31FD95D2B003D97F9 /* Assets.xcassets */; };
		87104EB71FD95D2B003D97F9 /* LaunchScreen.storyboard in Resources */ = {isa = PBXBuildFile; fileRef = 87104EB51FD95D2B003D97F9 /* LaunchScreen.storyboard */; };
		87104EBC1FD95EAC003D97F9 /* YASMP.swift in Sources */ = {isa = PBXBuildFile; fileRef = 87D6F74F1D87BE73003339BD /* YASMP.swift */; };
		872EEAB91D89317400C1C1F0 /* AppDelegate.swift in Sources */ = {isa = PBXBuildFile; fileRef = 872EEAB81D89317400C1C1F0 /* AppDelegate.swift */; };
		872EEABB1D89317400C1C1F0 /* ViewController.swift in Sources */ = {isa = PBXBuildFile; fileRef = 872EEABA1D89317400C1C1F0 /* ViewController.swift */; };
		872EEABD1D89317400C1C1F0 /* Assets.xcassets in Resources */ = {isa = PBXBuildFile; fileRef = 872EEABC1D89317400C1C1F0 /* Assets.xcassets */; };
		872EEAC01D89317400C1C1F0 /* Main.storyboard in Resources */ = {isa = PBXBuildFile; fileRef = 872EEABE1D89317400C1C1F0 /* Main.storyboard */; };
		872EEAC51D8931BF00C1C1F0 /* YASMP.swift in Sources */ = {isa = PBXBuildFile; fileRef = 87D6F74F1D87BE73003339BD /* YASMP.swift */; };
		87450E8B1D90E8F1008BAEFE /* AppDelegate.swift in Sources */ = {isa = PBXBuildFile; fileRef = 87450E8A1D90E8F1008BAEFE /* AppDelegate.swift */; };
		87450E8D1D90E8F1008BAEFE /* ViewController.swift in Sources */ = {isa = PBXBuildFile; fileRef = 87450E8C1D90E8F1008BAEFE /* ViewController.swift */; };
		87450E901D90E8F1008BAEFE /* Main.storyboard in Resources */ = {isa = PBXBuildFile; fileRef = 87450E8E1D90E8F1008BAEFE /* Main.storyboard */; };
		87450E921D90E8F1008BAEFE /* Assets.xcassets in Resources */ = {isa = PBXBuildFile; fileRef = 87450E911D90E8F1008BAEFE /* Assets.xcassets */; };
		87450EB61D90EC05008BAEFE /* YASMP.swift in Sources */ = {isa = PBXBuildFile; fileRef = 87D6F74F1D87BE73003339BD /* YASMP.swift */; };
		8779FEE31F73756800C7D62E /* misc.swift in Sources */ = {isa = PBXBuildFile; fileRef = 8779FEE21F73756800C7D62E /* misc.swift */; };
		879F2C291D910D5E006DFB8B /* main.swift in Sources */ = {isa = PBXBuildFile; fileRef = 879F2C281D910D5E006DFB8B /* main.swift */; };
		879F2C2D1D910D81006DFB8B /* YASMP.swift in Sources */ = {isa = PBXBuildFile; fileRef = 87D6F74F1D87BE73003339BD /* YASMP.swift */; };
/* End PBXBuildFile section */

/* Begin PBXCopyFilesBuildPhase section */
		879F2C241D910D5E006DFB8B /* Copy Files */ = {
			isa = PBXCopyFilesBuildPhase;
			buildActionMask = 2147483647;
			dstPath = /usr/share/man/man1/;
			dstSubfolderSpec = 0;
			files = (
			);
			name = "Copy Files";
			runOnlyForDeploymentPostprocessing = 1;
		};
/* End PBXCopyFilesBuildPhase section */

/* Begin PBXFileReference section */
		87104EAA1FD95D2B003D97F9 /* iYASMP.app */ = {isa = PBXFileReference; explicitFileType = wrapper.application; includeInIndex = 0; path = iYASMP.app; sourceTree = BUILT_PRODUCTS_DIR; };
		87104EAC1FD95D2B003D97F9 /* AppDelegate.swift */ = {isa = PBXFileReference; lastKnownFileType = sourcecode.swift; path = AppDelegate.swift; sourceTree = "<group>"; };
		87104EAE1FD95D2B003D97F9 /* ViewController.swift */ = {isa = PBXFileReference; lastKnownFileType = sourcecode.swift; path = ViewController.swift; sourceTree = "<group>"; };
		87104EB11FD95D2B003D97F9 /* Base */ = {isa = PBXFileReference; lastKnownFileType = file.storyboard; name = Base; path = Base.lproj/Main.storyboard; sourceTree = "<group>"; };
		87104EB31FD95D2B003D97F9 /* Assets.xcassets */ = {isa = PBXFileReference; lastKnownFileType = folder.assetcatalog; path = Assets.xcassets; sourceTree = "<group>"; };
		87104EB61FD95D2B003D97F9 /* Base */ = {isa = PBXFileReference; lastKnownFileType = file.storyboard; name = Base; path = Base.lproj/LaunchScreen.storyboard; sourceTree = "<group>"; };
		87104EB81FD95D2B003D97F9 /* Info.plist */ = {isa = PBXFileReference; lastKnownFileType = text.plist.xml; path = Info.plist; sourceTree = "<group>"; };
		872EEAB61D89317400C1C1F0 /* macYASMP.app */ = {isa = PBXFileReference; explicitFileType = wrapper.application; includeInIndex = 0; path = macYASMP.app; sourceTree = BUILT_PRODUCTS_DIR; };
		872EEAB81D89317400C1C1F0 /* AppDelegate.swift */ = {isa = PBXFileReference; lastKnownFileType = sourcecode.swift; path = AppDelegate.swift; sourceTree = "<group>"; };
		872EEABA1D89317400C1C1F0 /* ViewController.swift */ = {isa = PBXFileReference; lastKnownFileType = sourcecode.swift; path = ViewController.swift; sourceTree = "<group>"; };
		872EEABC1D89317400C1C1F0 /* Assets.xcassets */ = {isa = PBXFileReference; lastKnownFileType = folder.assetcatalog; path = Assets.xcassets; sourceTree = "<group>"; };
		872EEABF1D89317400C1C1F0 /* Base */ = {isa = PBXFileReference; lastKnownFileType = file.storyboard; name = Base; path = Base.lproj/Main.storyboard; sourceTree = "<group>"; };
		872EEAC11D89317400C1C1F0 /* Info.plist */ = {isa = PBXFileReference; lastKnownFileType = text.plist.xml; path = Info.plist; sourceTree = "<group>"; };
		87450E881D90E8F1008BAEFE /* tvYASMP.app */ = {isa = PBXFileReference; explicitFileType = wrapper.application; includeInIndex = 0; path = tvYASMP.app; sourceTree = BUILT_PRODUCTS_DIR; };
		87450E8A1D90E8F1008BAEFE /* AppDelegate.swift */ = {isa = PBXFileReference; lastKnownFileType = sourcecode.swift; path = AppDelegate.swift; sourceTree = "<group>"; };
		87450E8C1D90E8F1008BAEFE /* ViewController.swift */ = {isa = PBXFileReference; lastKnownFileType = sourcecode.swift; path = ViewController.swift; sourceTree = "<group>"; };
		87450E8F1D90E8F1008BAEFE /* Base */ = {isa = PBXFileReference; lastKnownFileType = file.storyboard; name = Base; path = Base.lproj/Main.storyboard; sourceTree = "<group>"; };
		87450E911D90E8F1008BAEFE /* Assets.xcassets */ = {isa = PBXFileReference; lastKnownFileType = folder.assetcatalog; path = Assets.xcassets; sourceTree = "<group>"; };
		87450E931D90E8F1008BAEFE /* Info.plist */ = {isa = PBXFileReference; lastKnownFileType = text.plist.xml; path = Info.plist; sourceTree = "<group>"; };
		8779FEE21F73756800C7D62E /* misc.swift */ = {isa = PBXFileReference; fileEncoding = 4; lastKnownFileType = sourcecode.swift; path = misc.swift; sourceTree = "<group>"; };
		879F2C261D910D5E006DFB8B /* YASMP */ = {isa = PBXFileReference; explicitFileType = "compiled.mach-o.executable"; includeInIndex = 0; path = YASMP; sourceTree = BUILT_PRODUCTS_DIR; };
		879F2C281D910D5E006DFB8B /* main.swift */ = {isa = PBXFileReference; lastKnownFileType = sourcecode.swift; path = main.swift; sourceTree = "<group>"; };
		87D6F74F1D87BE73003339BD /* YASMP.swift */ = {isa = PBXFileReference; fileEncoding = 4; lastKnownFileType = sourcecode.swift; name = YASMP.swift; path = Core/YASMP.swift; sourceTree = "<group>"; };
/* End PBXFileReference section */

/* Begin PBXFrameworksBuildPhase section */
		87104EA71FD95D2B003D97F9 /* Frameworks */ = {
			isa = PBXFrameworksBuildPhase;
			buildActionMask = 2147483647;
			files = (
			);
			runOnlyForDeploymentPostprocessing = 0;
		};
		872EEAB31D89317400C1C1F0 /* Frameworks */ = {
			isa = PBXFrameworksBuildPhase;
			buildActionMask = 2147483647;
			files = (
			);
			runOnlyForDeploymentPostprocessing = 0;
		};
		87450E851D90E8F1008BAEFE /* Frameworks */ = {
			isa = PBXFrameworksBuildPhase;
			buildActionMask = 2147483647;
			files = (
			);
			runOnlyForDeploymentPostprocessing = 0;
		};
		879F2C231D910D5E006DFB8B /* Frameworks */ = {
			isa = PBXFrameworksBuildPhase;
			buildActionMask = 2147483647;
			files = (
			);
			runOnlyForDeploymentPostprocessing = 0;
		};
/* End PBXFrameworksBuildPhase section */

/* Begin PBXGroup section */
		87104EAB1FD95D2B003D97F9 /* iYASMP */ = {
			isa = PBXGroup;
			children = (
				87104EAC1FD95D2B003D97F9 /* AppDelegate.swift */,
				87104EAE1FD95D2B003D97F9 /* ViewController.swift */,
				87104EB01FD95D2B003D97F9 /* Main.storyboard */,
				87104EB31FD95D2B003D97F9 /* Assets.xcassets */,
				87104EB51FD95D2B003D97F9 /* LaunchScreen.storyboard */,
				87104EB81FD95D2B003D97F9 /* Info.plist */,
			);
			path = iYASMP;
			sourceTree = "<group>";
		};
		872EEAB71D89317400C1C1F0 /* macYASMP */ = {
			isa = PBXGroup;
			children = (
				872EEAB81D89317400C1C1F0 /* AppDelegate.swift */,
				872EEABA1D89317400C1C1F0 /* ViewController.swift */,
				872EEABC1D89317400C1C1F0 /* Assets.xcassets */,
				872EEABE1D89317400C1C1F0 /* Main.storyboard */,
				872EEAC11D89317400C1C1F0 /* Info.plist */,
			);
			path = macYASMP;
			sourceTree = "<group>";
		};
		87450E891D90E8F1008BAEFE /* tvYASMP */ = {
			isa = PBXGroup;
			children = (
				87450E8A1D90E8F1008BAEFE /* AppDelegate.swift */,
				87450E8C1D90E8F1008BAEFE /* ViewController.swift */,
				87450E8E1D90E8F1008BAEFE /* Main.storyboard */,
				87450E911D90E8F1008BAEFE /* Assets.xcassets */,
				87450E931D90E8F1008BAEFE /* Info.plist */,
			);
			path = tvYASMP;
			sourceTree = "<group>";
		};
		879F2C271D910D5E006DFB8B /* YASMP */ = {
			isa = PBXGroup;
			children = (
				879F2C281D910D5E006DFB8B /* main.swift */,
				8779FEE21F73756800C7D62E /* misc.swift */,
			);
			path = YASMP;
			sourceTree = "<group>";
		};
		87D6F7331D87BDA2003339BD = {
			isa = PBXGroup;
			children = (
				87D6F74E1D87BE5A003339BD /* Core */,
				872EEAB71D89317400C1C1F0 /* macYASMP */,
				87450E891D90E8F1008BAEFE /* tvYASMP */,
				879F2C271D910D5E006DFB8B /* YASMP */,
				87104EAB1FD95D2B003D97F9 /* iYASMP */,
				87D6F73F1D87BDD4003339BD /* Products */,
			);
			sourceTree = "<group>";
		};
		87D6F73F1D87BDD4003339BD /* Products */ = {
			isa = PBXGroup;
			children = (
				872EEAB61D89317400C1C1F0 /* macYASMP.app */,
				87450E881D90E8F1008BAEFE /* tvYASMP.app */,
				879F2C261D910D5E006DFB8B /* YASMP */,
				87104EAA1FD95D2B003D97F9 /* iYASMP.app */,
			);
			name = Products;
			sourceTree = "<group>";
		};
		87D6F74E1D87BE5A003339BD /* Core */ = {
			isa = PBXGroup;
			children = (
				87D6F74F1D87BE73003339BD /* YASMP.swift */,
			);
			name = Core;
			sourceTree = "<group>";
		};
/* End PBXGroup section */

/* Begin PBXNativeTarget section */
		87104EA91FD95D2B003D97F9 /* iYASMP */ = {
			isa = PBXNativeTarget;
			buildConfigurationList = 87104EB91FD95D2B003D97F9 /* Build configuration list for PBXNativeTarget "iYASMP" */;
			buildPhases = (
				87104EA61FD95D2B003D97F9 /* Sources */,
				87104EA71FD95D2B003D97F9 /* Frameworks */,
				87104EA81FD95D2B003D97F9 /* Resources */,
			);
			buildRules = (
			);
			dependencies = (
			);
			name = iYASMP;
			productName = iYASMP;
			productReference = 87104EAA1FD95D2B003D97F9 /* iYASMP.app */;
			productType = "com.apple.product-type.application";
		};
		872EEAB51D89317400C1C1F0 /* macYASMP */ = {
			isa = PBXNativeTarget;
			buildConfigurationList = 872EEAC21D89317400C1C1F0 /* Build configuration list for PBXNativeTarget "macYASMP" */;
			buildPhases = (
				872EEAB21D89317400C1C1F0 /* Sources */,
				872EEAB31D89317400C1C1F0 /* Frameworks */,
				872EEAB41D89317400C1C1F0 /* Resources */,
			);
			buildRules = (
			);
			dependencies = (
			);
			name = macYASMP;
			productName = macYASMP;
			productReference = 872EEAB61D89317400C1C1F0 /* macYASMP.app */;
			productType = "com.apple.product-type.application";
		};
		87450E871D90E8F1008BAEFE /* tvYASMP */ = {
			isa = PBXNativeTarget;
			buildConfigurationList = 87450E941D90E8F1008BAEFE /* Build configuration list for PBXNativeTarget "tvYASMP" */;
			buildPhases = (
				87450E841D90E8F1008BAEFE /* Sources */,
				87450E851D90E8F1008BAEFE /* Frameworks */,
				87450E861D90E8F1008BAEFE /* Resources */,
			);
			buildRules = (
			);
			dependencies = (
			);
			name = tvYASMP;
			productName = tvYASMP;
			productReference = 87450E881D90E8F1008BAEFE /* tvYASMP.app */;
			productType = "com.apple.product-type.application";
		};
		879F2C251D910D5E006DFB8B /* YASMP */ = {
			isa = PBXNativeTarget;
			buildConfigurationList = 879F2C2C1D910D5E006DFB8B /* Build configuration list for PBXNativeTarget "YASMP" */;
			buildPhases = (
				879F2C221D910D5E006DFB8B /* Sources */,
				879F2C241D910D5E006DFB8B /* Copy Files */,
				879F2C231D910D5E006DFB8B /* Frameworks */,
			);
			buildRules = (
			);
			dependencies = (
			);
			name = YASMP;
			productName = YASMP;
			productReference = 879F2C261D910D5E006DFB8B /* YASMP */;
			productType = "com.apple.product-type.tool";
		};
/* End PBXNativeTarget section */

/* Begin PBXProject section */
		87D6F7341D87BDA2003339BD /* Project object */ = {
			isa = PBXProject;
			attributes = {
				LastSwiftUpdateCheck = 0910;
				LastUpgradeCheck = 0910;
				TargetAttributes = {
					87104EA91FD95D2B003D97F9 = {
						CreatedOnToolsVersion = 9.1;
						DevelopmentTeam = 49QMLWEE5Z;
						ProvisioningStyle = Automatic;
					};
					872EEAB51D89317400C1C1F0 = {
						CreatedOnToolsVersion = 7.3.1;
						LastSwiftMigration = 0800;
					};
					87450E871D90E8F1008BAEFE = {
						CreatedOnToolsVersion = 8.0;
						DevelopmentTeam = 49QMLWEE5Z;
						ProvisioningStyle = Automatic;
					};
					879F2C251D910D5E006DFB8B = {
						CreatedOnToolsVersion = 8.0;
						LastSwiftMigration = 0900;
						ProvisioningStyle = Automatic;
					};
				};
			};
			buildConfigurationList = 87D6F7371D87BDA2003339BD /* Build configuration list for PBXProject "YASMP" */;
			compatibilityVersion = "Xcode 3.2";
			developmentRegion = English;
			hasScannedForEncodings = 0;
			knownRegions = (
				en,
				Base,
			);
			mainGroup = 87D6F7331D87BDA2003339BD;
			productRefGroup = 87D6F73F1D87BDD4003339BD /* Products */;
			projectDirPath = "";
			projectRoot = "";
			targets = (
				872EEAB51D89317400C1C1F0 /* macYASMP */,
				87450E871D90E8F1008BAEFE /* tvYASMP */,
				87104EA91FD95D2B003D97F9 /* iYASMP */,
				879F2C251D910D5E006DFB8B /* YASMP */,
			);
		};
/* End PBXProject section */

/* Begin PBXResourcesBuildPhase section */
		87104EA81FD95D2B003D97F9 /* Resources */ = {
			isa = PBXResourcesBuildPhase;
			buildActionMask = 2147483647;
			files = (
				87104EB71FD95D2B003D97F9 /* LaunchScreen.storyboard in Resources */,
				87104EB41FD95D2B003D97F9 /* Assets.xcassets in Resources */,
				87104EB21FD95D2B003D97F9 /* Main.storyboard in Resources */,
			);
			runOnlyForDeploymentPostprocessing = 0;
		};
		872EEAB41D89317400C1C1F0 /* Resources */ = {
			isa = PBXResourcesBuildPhase;
			buildActionMask = 2147483647;
			files = (
				872EEABD1D89317400C1C1F0 /* Assets.xcassets in Resources */,
				872EEAC01D89317400C1C1F0 /* Main.storyboard in Resources */,
			);
			runOnlyForDeploymentPostprocessing = 0;
		};
		87450E861D90E8F1008BAEFE /* Resources */ = {
			isa = PBXResourcesBuildPhase;
			buildActionMask = 2147483647;
			files = (
				87450E921D90E8F1008BAEFE /* Assets.xcassets in Resources */,
				87450E901D90E8F1008BAEFE /* Main.storyboard in Resources */,
			);
			runOnlyForDeploymentPostprocessing = 0;
		};
/* End PBXResourcesBuildPhase section */

/* Begin PBXSourcesBuildPhase section */
		87104EA61FD95D2B003D97F9 /* Sources */ = {
			isa = PBXSourcesBuildPhase;
			buildActionMask = 2147483647;
			files = (
				87104EAF1FD95D2B003D97F9 /* ViewController.swift in Sources */,
				87104EAD1FD95D2B003D97F9 /* AppDelegate.swift in Sources */,
				87104EBC1FD95EAC003D97F9 /* YASMP.swift in Sources */,
			);
			runOnlyForDeploymentPostprocessing = 0;
		};
		872EEAB21D89317400C1C1F0 /* Sources */ = {
			isa = PBXSourcesBuildPhase;
			buildActionMask = 2147483647;
			files = (
				872EEABB1D89317400C1C1F0 /* ViewController.swift in Sources */,
				872EEAB91D89317400C1C1F0 /* AppDelegate.swift in Sources */,
				872EEAC51D8931BF00C1C1F0 /* YASMP.swift in Sources */,
			);
			runOnlyForDeploymentPostprocessing = 0;
		};
		87450E841D90E8F1008BAEFE /* Sources */ = {
			isa = PBXSourcesBuildPhase;
			buildActionMask = 2147483647;
			files = (
				87450EB61D90EC05008BAEFE /* YASMP.swift in Sources */,
				87450E8D1D90E8F1008BAEFE /* ViewController.swift in Sources */,
				87450E8B1D90E8F1008BAEFE /* AppDelegate.swift in Sources */,
			);
			runOnlyForDeploymentPostprocessing = 0;
		};
		879F2C221D910D5E006DFB8B /* Sources */ = {
			isa = PBXSourcesBuildPhase;
			buildActionMask = 2147483647;
			files = (
				8779FEE31F73756800C7D62E /* misc.swift in Sources */,
				879F2C291D910D5E006DFB8B /* main.swift in Sources */,
				879F2C2D1D910D81006DFB8B /* YASMP.swift in Sources */,
			);
			runOnlyForDeploymentPostprocessing = 0;
		};
/* End PBXSourcesBuildPhase section */

/* Begin PBXVariantGroup section */
		87104EB01FD95D2B003D97F9 /* Main.storyboard */ = {
			isa = PBXVariantGroup;
			children = (
				87104EB11FD95D2B003D97F9 /* Base */,
			);
			name = Main.storyboard;
			sourceTree = "<group>";
		};
		87104EB51FD95D2B003D97F9 /* LaunchScreen.storyboard */ = {
			isa = PBXVariantGroup;
			children = (
				87104EB61FD95D2B003D97F9 /* Base */,
			);
			name = LaunchScreen.storyboard;
			sourceTree = "<group>";
		};
		872EEABE1D89317400C1C1F0 /* Main.storyboard */ = {
			isa = PBXVariantGroup;
			children = (
				872EEABF1D89317400C1C1F0 /* Base */,
			);
			name = Main.storyboard;
			sourceTree = "<group>";
		};
		87450E8E1D90E8F1008BAEFE /* Main.storyboard */ = {
			isa = PBXVariantGroup;
			children = (
				87450E8F1D90E8F1008BAEFE /* Base */,
			);
			name = Main.storyboard;
			sourceTree = "<group>";
		};
/* End PBXVariantGroup section */

/* Begin XCBuildConfiguration section */
		87104EBA1FD95D2B003D97F9 /* Debug */ = {
			isa = XCBuildConfiguration;
			buildSettings = {
				"CODE_SIGN_IDENTITY[sdk=iphoneos*]" = "iPhone Developer";
				CODE_SIGN_STYLE = Automatic;
				DEVELOPMENT_TEAM = 49QMLWEE5Z;
				INFOPLIST_FILE = iYASMP/Info.plist;
				LD_RUNPATH_SEARCH_PATHS = "$(inherited) @executable_path/Frameworks";
				PRODUCT_BUNDLE_IDENTIFIER = com.organi2e.iYASMP;
				PRODUCT_NAME = "$(TARGET_NAME)";
				PROVISIONING_PROFILE_SPECIFIER = "";
				SDKROOT = iphoneos;
			};
			name = Debug;
		};
		87104EBB1FD95D2B003D97F9 /* Release */ = {
			isa = XCBuildConfiguration;
			buildSettings = {
				"CODE_SIGN_IDENTITY[sdk=iphoneos*]" = "iPhone Developer";
				CODE_SIGN_STYLE = Automatic;
				DEVELOPMENT_TEAM = 49QMLWEE5Z;
				INFOPLIST_FILE = iYASMP/Info.plist;
				LD_RUNPATH_SEARCH_PATHS = "$(inherited) @executable_path/Frameworks";
				PRODUCT_BUNDLE_IDENTIFIER = com.organi2e.iYASMP;
				PRODUCT_NAME = "$(TARGET_NAME)";
				PROVISIONING_PROFILE_SPECIFIER = "";
				SDKROOT = iphoneos;
			};
			name = Release;
		};
		872EEAC31D89317400C1C1F0 /* Debug */ = {
			isa = XCBuildConfiguration;
			buildSettings = {
				INFOPLIST_FILE = macYASMP/Info.plist;
				LD_RUNPATH_SEARCH_PATHS = "$(inherited) @executable_path/../Frameworks";
				PRODUCT_BUNDLE_IDENTIFIER = com.organi2e.kn.kotan.macYASMP;
				PRODUCT_NAME = "$(TARGET_NAME)";
				SDKROOT = macosx;
			};
			name = Debug;
		};
		872EEAC41D89317400C1C1F0 /* Release */ = {
			isa = XCBuildConfiguration;
			buildSettings = {
				INFOPLIST_FILE = macYASMP/Info.plist;
				LD_RUNPATH_SEARCH_PATHS = "$(inherited) @executable_path/../Frameworks";
				PRODUCT_BUNDLE_IDENTIFIER = com.organi2e.kn.kotan.macYASMP;
				PRODUCT_NAME = "$(TARGET_NAME)";
				SDKROOT = macosx;
			};
			name = Release;
		};
		87450E951D90E8F1008BAEFE /* Debug */ = {
			isa = XCBuildConfiguration;
			buildSettings = {
				INFOPLIST_FILE = tvYASMP/Info.plist;
				LD_RUNPATH_SEARCH_PATHS = "$(inherited) @executable_path/Frameworks";
				PRODUCT_BUNDLE_IDENTIFIER = com.organi2e.kn.kotan.tvYASMP;
				PRODUCT_NAME = "$(TARGET_NAME)";
				SDKROOT = appletvos;
			};
			name = Debug;
		};
		87450E961D90E8F1008BAEFE /* Release */ = {
			isa = XCBuildConfiguration;
			buildSettings = {
				INFOPLIST_FILE = tvYASMP/Info.plist;
				LD_RUNPATH_SEARCH_PATHS = "$(inherited) @executable_path/Frameworks";
				PRODUCT_BUNDLE_IDENTIFIER = com.organi2e.kn.kotan.tvYASMP;
				PRODUCT_NAME = "$(TARGET_NAME)";
				SDKROOT = appletvos;
			};
			name = Release;
		};
		879F2C2A1D910D5E006DFB8B /* Debug */ = {
			isa = XCBuildConfiguration;
			buildSettings = {
				PRODUCT_NAME = "$(TARGET_NAME)";
				SDKROOT = macosx;
			};
			name = Debug;
		};
		879F2C2B1D910D5E006DFB8B /* Release */ = {
			isa = XCBuildConfiguration;
			buildSettings = {
				PRODUCT_NAME = "$(TARGET_NAME)";
				SDKROOT = macosx;
			};
			name = Release;
		};
		87D6F7381D87BDA2003339BD /* Debug */ = {
			isa = XCBuildConfiguration;
			buildSettings = {
				CLANG_ENABLE_OBJC_ARC = YES;
				SWIFT_VERSION = 4.0;
			};
			name = Debug;
		};
		87D6F7391D87BDA2003339BD /* Release */ = {
			isa = XCBuildConfiguration;
			buildSettings = {
				CLANG_ENABLE_OBJC_ARC = YES;
				SWIFT_VERSION = 4.0;
			};
			name = Release;
		};
/* End XCBuildConfiguration section */

/* Begin XCConfigurationList section */
		87104EB91FD95D2B003D97F9 /* Build configuration list for PBXNativeTarget "iYASMP" */ = {
			isa = XCConfigurationList;
			buildConfigurations = (
				87104EBA1FD95D2B003D97F9 /* Debug */,
				87104EBB1FD95D2B003D97F9 /* Release */,
			);
			defaultConfigurationIsVisible = 0;
			defaultConfigurationName = Release;
		};
		872EEAC21D89317400C1C1F0 /* Build configuration list for PBXNativeTarget "macYASMP" */ = {
			isa = XCConfigurationList;
			buildConfigurations = (
				872EEAC31D89317400C1C1F0 /* Debug */,
				872EEAC41D89317400C1C1F0 /* Release */,
			);
			defaultConfigurationIsVisible = 0;
			defaultConfigurationName = Release;
		};
		87450E941D90E8F1008BAEFE /* Build configuration list for PBXNativeTarget "tvYASMP" */ = {
			isa = XCConfigurationList;
			buildConfigurations = (
				87450E951D90E8F1008BAEFE /* Debug */,
				87450E961D90E8F1008BAEFE /* Release */,
			);
			defaultConfigurationIsVisible = 0;
			defaultConfigurationName = Release;
		};
		879F2C2C1D910D5E006DFB8B /* Build configuration list for PBXNativeTarget "YASMP" */ = {
			isa = XCConfigurationList;
			buildConfigurations = (
				879F2C2A1D910D5E006DFB8B /* Debug */,
				879F2C2B1D910D5E006DFB8B /* Release */,
			);
			defaultConfigurationIsVisible = 0;
			defaultConfigurationName = Release;
		};
		87D6F7371D87BDA2003339BD /* Build configuration list for PBXProject "YASMP" */ = {
			isa = XCConfigurationList;
			buildConfigurations = (
				87D6F7381D87BDA2003339BD /* Debug */,
				87D6F7391D87BDA2003339BD /* Release */,
			);
			defaultConfigurationIsVisible = 0;
			defaultConfigurationName = Release;
		};
/* End XCConfigurationList section */
	};
	rootObject = 87D6F7341D87BDA2003339BD /* Project object */;
}
